
Microsoft Visual Studio Solution File, Format Version 12.00
# Visual Studio Version 17
VisualStudioVersion = 17.14.36705.20
MinimumVisualStudioVersion = 10.0.40219.1
Project("{2150E333-8FDC-42A3-9474-1A3956D46DE8}") = "runnerSettings", "runnerSettings", "{02EA681E-C7D8-13C7-8484-4AC65E1B71E8}"
	ProjectSection(SolutionItems) = preProject
		ChromeHeadless.runsettings = ChromeHeadless.runsettings
		EdgeHeadless.runsettings = EdgeHeadless.runsettings
	EndProjectSection
EndProject
Project("{FAE04EC0-301F-11D3-BF4B-00C04F79EFBC}") = "netTimeAutomation", "netTimeAutomation\netTimeAutomation.csproj", "{CABF7F87-995C-1553-AC5C-56A49F5F4A95}"
EndProject
Global
	GlobalSection(SolutionConfigurationPlatforms) = preSolution
		Debug|Any CPU = Debug|Any CPU
		Release|Any CPU = Release|Any CPU
	EndGlobalSection
	GlobalSection(ProjectConfigurationPlatforms) = postSolution
		{CABF7F87-995C-1553-AC5C-56A49F5F4A95}.Debug|Any CPU.ActiveCfg = Debug|Any CPU
		{CABF7F87-995C-1553-AC5C-56A49F5F4A95}.Debug|Any CPU.Build.0 = Debug|Any CPU
		{CABF7F87-995C-1553-AC5C-56A49F5F4A95}.Release|Any CPU.ActiveCfg = Release|Any CPU
		{CABF7F87-995C-1553-AC5C-56A49F5F4A95}.Release|Any CPU.Build.0 = Release|Any CPU
	EndGlobalSection
	GlobalSection(SolutionProperties) = preSolution
		HideSolutionNode = FALSE
	EndGlobalSection
	GlobalSection(ExtensibilityGlobals) = postSolution
		SolutionGuid = {B37CC543-C9F7-4D7B-830F-CE9A20DF18EE}
	EndGlobalSection
EndGlobal
